
Microsoft Visual Studio Solution File, Format Version 12.00
# Visual Studio Version 17
VisualStudioVersion = 17.0.31912.275
MinimumVisualStudioVersion = 10.0.40219.1
Project("{FAE04EC0-301F-11D3-BF4B-00C04F79EFBC}") = "Vectors", "Vectors.csproj", "{748E1B3A-16CC-4508-B534-82C8A76346D0}"
EndProject
Global
	GlobalSection(SolutionConfigurationPlatforms) = preSolution
		Debug|Any CPU = Debug|Any CPU
		Release|Any CPU = Release|Any CPU
	EndGlobalSection
	GlobalSection(ProjectConfigurationPlatforms) = postSolution
		{748E1B3A-16CC-4508-B534-82C8A76346D0}.Debug|Any CPU.ActiveCfg = Debug|Any CPU
		{748E1B3A-16CC-4508-B534-82C8A76346D0}.Debug|Any CPU.Build.0 = Debug|Any CPU
		{748E1B3A-16CC-4508-B534-82C8A76346D0}.Release|Any CPU.ActiveCfg = Release|Any CPU
		{748E1B3A-16CC-4508-B534-82C8A76346D0}.Release|Any CPU.Build.0 = Release|Any CPU
	EndGlobalSection
	GlobalSection(SolutionProperties) = preSolution
		HideSolutionNode = FALSE
	EndGlobalSection
	GlobalSection(ExtensibilityGlobals) = postSolution
		SolutionGuid = {87E0A462-1B91-4DB6-ABFB-06B967885206}
	EndGlobalSection
EndGlobal
